
Microsoft Visual Studio Solution File, Format Version 12.00
# Visual Studio 15
Project("{FAE04EC0-301F-11D3-BF4B-00C04F79EFBC}") = "Assembly-CSharp", "Assembly-CSharp.csproj", "{CE1EE21B-D74A-ADFF-46AF-83E0B87A90DB}"
EndProject
Global
	GlobalSection(SolutionConfigurationPlatforms) = preSolution
		Debug|Any CPU = Debug|Any CPU
		Release|Any CPU = Release|Any CPU
	EndGlobalSection
	GlobalSection(ProjectConfigurationPlatforms) = postSolution
		{CE1EE21B-D74A-ADFF-46AF-83E0B87A90DB}.Debug|Any CPU.ActiveCfg = Debug|Any CPU
		{CE1EE21B-D74A-ADFF-46AF-83E0B87A90DB}.Debug|Any CPU.Build.0 = Debug|Any CPU
		{CE1EE21B-D74A-ADFF-46AF-83E0B87A90DB}.Release|Any CPU.ActiveCfg = Release|Any CPU
		{CE1EE21B-D74A-ADFF-46AF-83E0B87A90DB}.Release|Any CPU.Build.0 = Release|Any CPU
	EndGlobalSection
	GlobalSection(SolutionProperties) = preSolution
		HideSolutionNode = FALSE
	EndGlobalSection
EndGlobal
